
Microsoft Visual Studio Solution File, Format Version 12.00
# Visual Studio Version 17
VisualStudioVersion = 17.7.34009.444
MinimumVisualStudioVersion = 10.0.40219.1
Project("{FAE04EC0-301F-11D3-BF4B-00C04F79EFBC}") = "BlazorAssemblyExample", "BlazorAssemblyExample\BlazorAssemblyExample.csproj", "{904C13C7-09C1-4343-983C-A867EB9BE92C}"
EndProject
Global
	GlobalSection(SolutionConfigurationPlatforms) = preSolution
		Debug|Any CPU = Debug|Any CPU
		Release|Any CPU = Release|Any CPU
	EndGlobalSection
	GlobalSection(ProjectConfigurationPlatforms) = postSolution
		{904C13C7-09C1-4343-983C-A867EB9BE92C}.Debug|Any CPU.ActiveCfg = Debug|Any CPU
		{904C13C7-09C1-4343-983C-A867EB9BE92C}.Debug|Any CPU.Build.0 = Debug|Any CPU
		{904C13C7-09C1-4343-983C-A867EB9BE92C}.Release|Any CPU.ActiveCfg = Release|Any CPU
		{904C13C7-09C1-4343-983C-A867EB9BE92C}.Release|Any CPU.Build.0 = Release|Any CPU
	EndGlobalSection
	GlobalSection(SolutionProperties) = preSolution
		HideSolutionNode = FALSE
	EndGlobalSection
	GlobalSection(ExtensibilityGlobals) = postSolution
		SolutionGuid = {34329E17-9CFD-4607-A70A-D1E01942DA25}
	EndGlobalSection
EndGlobal
